
Microsoft Visual Studio Solution File, Format Version 12.00
# Visual Studio 15
VisualStudioVersion = 15.0.28010.2036
MinimumVisualStudioVersion = 10.0.40219.1
Project("{FAE04EC0-301F-11D3-BF4B-00C04F79EFBC}") = "PC Catalog", "PC Catalog\PC Catalog.csproj", "{4E28D8B3-173F-4121-98EE-2B4227DDBC7E}"
EndProject
Global
	GlobalSection(SolutionConfigurationPlatforms) = preSolution
		Debug|Any CPU = Debug|Any CPU
		Release|Any CPU = Release|Any CPU
	EndGlobalSection
	GlobalSection(ProjectConfigurationPlatforms) = postSolution
		{4E28D8B3-173F-4121-98EE-2B4227DDBC7E}.Debug|Any CPU.ActiveCfg = Debug|Any CPU
		{4E28D8B3-173F-4121-98EE-2B4227DDBC7E}.Debug|Any CPU.Build.0 = Debug|Any CPU
		{4E28D8B3-173F-4121-98EE-2B4227DDBC7E}.Release|Any CPU.ActiveCfg = Release|Any CPU
		{4E28D8B3-173F-4121-98EE-2B4227DDBC7E}.Release|Any CPU.Build.0 = Release|Any CPU
	EndGlobalSection
	GlobalSection(SolutionProperties) = preSolution
		HideSolutionNode = FALSE
	EndGlobalSection
	GlobalSection(ExtensibilityGlobals) = postSolution
		SolutionGuid = {2DD1A9DE-5DCD-4841-9CC9-037657846ABC}
	EndGlobalSection
EndGlobal
